
Microsoft Visual Studio Solution File, Format Version 11.00
# Visual Studio 2010
Project("{8BC9CEB9-8B4A-11D0-8D11-00A0C91BC942}") = "Parse.Unity", "Parse.Unity.dll", "{3A142EDC-D60B-49CB-9DA5-43F159BB6C9F}"
	ProjectSection(MonoDevelopProperties) = preProject
		name = Parse.Unity
		Configurations = $0
		$0.Configuration = $1
		$1.name = Default
		$1.OutputPath = .\
		$1.ctype = ProjectConfiguration
	EndProjectSection
EndProject
Global
	GlobalSection(SolutionConfigurationPlatforms) = preSolution
		Default|Any CPU = Default|Any CPU
	EndGlobalSection
	GlobalSection(ProjectConfigurationPlatforms) = postSolution
		{3A142EDC-D60B-49CB-9DA5-43F159BB6C9F}.Default|Any CPU.ActiveCfg = Default|Any CPU
		{3A142EDC-D60B-49CB-9DA5-43F159BB6C9F}.Default|Any CPU.Build.0 = Default|Any CPU
	EndGlobalSection
	GlobalSection(MonoDevelopProperties) = preSolution
		StartupItem = Parse.Unity.dll
	EndGlobalSection
EndGlobal
